// !$*UTF8*$!
{
	archiveVersion = 1;
	classes = {
	};
	objectVersion = 46;
	objects = {

/* Begin PBXBuildFile section */
		EDAE2F081E1A64C900117ED9 /* main.c in Sources */ = {isa = PBXBuildFile; fileRef = EDAE2F071E1A64C900117ED9 /* main.c */; };
		EDAE2F161E1AA77700117ED9 /* cookie.c in Sources */ = {isa = PBXBuildFile; fileRef = EDAE2F151E1AA77700117ED9 /* cookie.c */; };
		EDAE2F191E1B406D00117ED9 /* curl_fnmatch.c in Sources */ = {isa = PBXBuildFile; fileRef = EDAE2F181E1B406D00117ED9 /* curl_fnmatch.c */; };
/* End PBXBuildFile section */

/* Begin PBXCopyFilesBuildPhase section */
		EDAE2F021E1A64C900117ED9 /* CopyFiles */ = {
			isa = PBXCopyFilesBuildPhase;
			buildActionMask = 2147483647;
			dstPath = /usr/share/man/man1/;
			dstSubfolderSpec = 0;
			files = (
			);
			runOnlyForDeploymentPostprocessing = 1;
		};
/* End PBXCopyFilesBuildPhase section */

/* Begin PBXFileReference section */
		EDAE2F041E1A64C900117ED9 /* curl */ = {isa = PBXFileReference; explicitFileType = "compiled.mach-o.executable"; includeInIndex = 0; path = curl; sourceTree = BUILT_PRODUCTS_DIR; };
		EDAE2F071E1A64C900117ED9 /* main.c */ = {isa = PBXFileReference; lastKnownFileType = sourcecode.c.c; path = main.c; sourceTree = "<group>"; };
		EDAE2F0F1E1A835600117ED9 /* config-mac.h */ = {isa = PBXFileReference; lastKnownFileType = sourcecode.c.h; name = "config-mac.h"; path = "liburl/config-mac.h"; sourceTree = "<group>"; };
		EDAE2F121E1A83E800117ED9 /* curl_setup.h */ = {isa = PBXFileReference; lastKnownFileType = sourcecode.c.h; name = curl_setup.h; path = liburl/curl_setup.h; sourceTree = "<group>"; };
		EDAE2F131E1A9F4400117ED9 /* urldata.h */ = {isa = PBXFileReference; lastKnownFileType = sourcecode.c.h; name = urldata.h; path = liburl/urldata.h; sourceTree = "<group>"; };
		EDAE2F141E1AA0A200117ED9 /* cookie.h */ = {isa = PBXFileReference; lastKnownFileType = sourcecode.c.h; name = cookie.h; path = liburl/cookie.h; sourceTree = "<group>"; };
		EDAE2F151E1AA77700117ED9 /* cookie.c */ = {isa = PBXFileReference; fileEncoding = 4; lastKnownFileType = sourcecode.c.c; name = cookie.c; path = liburl/cookie.c; sourceTree = "<group>"; };
		EDAE2F171E1B400500117ED9 /* curl_fnmatch.h */ = {isa = PBXFileReference; lastKnownFileType = sourcecode.c.h; name = curl_fnmatch.h; path = liburl/curl_fnmatch.h; sourceTree = "<group>"; };
		EDAE2F181E1B406D00117ED9 /* curl_fnmatch.c */ = {isa = PBXFileReference; fileEncoding = 4; lastKnownFileType = sourcecode.c.c; name = curl_fnmatch.c; path = liburl/curl_fnmatch.c; sourceTree = "<group>"; };
		EDAE2F1A1E1B464600117ED9 /* curl_setup_once.h */ = {isa = PBXFileReference; lastKnownFileType = sourcecode.c.h; name = curl_setup_once.h; path = liburl/curl_setup_once.h; sourceTree = "<group>"; };
		EDAE2F1B1E1B4C2200117ED9 /* curl_memory.h */ = {isa = PBXFileReference; lastKnownFileType = sourcecode.c.h; name = curl_memory.h; path = liburl/curl_memory.h; sourceTree = "<group>"; };
		EDAE2F1C1E1B4EA300117ED9 /* memdebug.h */ = {isa = PBXFileReference; lastKnownFileType = sourcecode.c.h; name = memdebug.h; path = liburl/memdebug.h; sourceTree = "<group>"; };
/* End PBXFileReference section */

/* Begin PBXFrameworksBuildPhase section */
		EDAE2F011E1A64C900117ED9 /* Frameworks */ = {
			isa = PBXFrameworksBuildPhase;
			buildActionMask = 2147483647;
			files = (
			);
			runOnlyForDeploymentPostprocessing = 0;
		};
/* End PBXFrameworksBuildPhase section */

/* Begin PBXGroup section */
		EDAE2EFB1E1A64C900117ED9 = {
			isa = PBXGroup;
			children = (
				EDAE2F061E1A64C900117ED9 /* curl */,
				EDAE2F051E1A64C900117ED9 /* Products */,
			);
			sourceTree = "<group>";
		};
		EDAE2F051E1A64C900117ED9 /* Products */ = {
			isa = PBXGroup;
			children = (
				EDAE2F041E1A64C900117ED9 /* curl */,
			);
			name = Products;
			sourceTree = "<group>";
		};
		EDAE2F061E1A64C900117ED9 /* curl */ = {
			isa = PBXGroup;
			children = (
				EDAE2F0E1E1A832900117ED9 /* liburl */,
				EDAE2F071E1A64C900117ED9 /* main.c */,
			);
			path = curl;
			sourceTree = "<group>";
		};
		EDAE2F0E1E1A832900117ED9 /* liburl */ = {
			isa = PBXGroup;
			children = (
				EDAE2F0F1E1A835600117ED9 /* config-mac.h */,
				EDAE2F121E1A83E800117ED9 /* curl_setup.h */,
				EDAE2F131E1A9F4400117ED9 /* urldata.h */,
				EDAE2F141E1AA0A200117ED9 /* cookie.h */,
				EDAE2F151E1AA77700117ED9 /* cookie.c */,
				EDAE2F171E1B400500117ED9 /* curl_fnmatch.h */,
				EDAE2F181E1B406D00117ED9 /* curl_fnmatch.c */,
				EDAE2F1A1E1B464600117ED9 /* curl_setup_once.h */,
				EDAE2F1B1E1B4C2200117ED9 /* curl_memory.h */,
				EDAE2F1C1E1B4EA300117ED9 /* memdebug.h */,
			);
			name = liburl;
			sourceTree = "<group>";
		};
/* End PBXGroup section */

/* Begin PBXNativeTarget section */
		EDAE2F031E1A64C900117ED9 /* curl */ = {
			isa = PBXNativeTarget;
			buildConfigurationList = EDAE2F0B1E1A64C900117ED9 /* Build configuration list for PBXNativeTarget "curl" */;
			buildPhases = (
				EDAE2F001E1A64C900117ED9 /* Sources */,
				EDAE2F011E1A64C900117ED9 /* Frameworks */,
				EDAE2F021E1A64C900117ED9 /* CopyFiles */,
			);
			buildRules = (
			);
			dependencies = (
			);
			name = curl;
			productName = curl;
			productReference = EDAE2F041E1A64C900117ED9 /* curl */;
			productType = "com.apple.product-type.tool";
		};
/* End PBXNativeTarget section */

/* Begin PBXProject section */
		EDAE2EFC1E1A64C900117ED9 /* Project object */ = {
			isa = PBXProject;
			attributes = {
				LastUpgradeCheck = 0730;
				ORGANIZATIONNAME = "张少雄";
				TargetAttributes = {
					EDAE2F031E1A64C900117ED9 = {
						CreatedOnToolsVersion = 7.3.1;
					};
				};
			};
			buildConfigurationList = EDAE2EFF1E1A64C900117ED9 /* Build configuration list for PBXProject "curl" */;
			compatibilityVersion = "Xcode 3.2";
			developmentRegion = English;
			hasScannedForEncodings = 0;
			knownRegions = (
				en,
			);
			mainGroup = EDAE2EFB1E1A64C900117ED9;
			productRefGroup = EDAE2F051E1A64C900117ED9 /* Products */;
			projectDirPath = "";
			projectRoot = "";
			targets = (
				EDAE2F031E1A64C900117ED9 /* curl */,
			);
		};
/* End PBXProject section */

/* Begin PBXSourcesBuildPhase section */
		EDAE2F001E1A64C900117ED9 /* Sources */ = {
			isa = PBXSourcesBuildPhase;
			buildActionMask = 2147483647;
			files = (
				EDAE2F081E1A64C900117ED9 /* main.c in Sources */,
				EDAE2F191E1B406D00117ED9 /* curl_fnmatch.c in Sources */,
				EDAE2F161E1AA77700117ED9 /* cookie.c in Sources */,
			);
			runOnlyForDeploymentPostprocessing = 0;
		};
/* End PBXSourcesBuildPhase section */

/* Begin XCBuildConfiguration section */
		EDAE2F091E1A64C900117ED9 /* Debug */ = {
			isa = XCBuildConfiguration;
			buildSettings = {
				ALWAYS_SEARCH_USER_PATHS = NO;
				CLANG_ANALYZER_NONNULL = YES;
				CLANG_CXX_LANGUAGE_STANDARD = "gnu++0x";
				CLANG_CXX_LIBRARY = "libc++";
				CLANG_ENABLE_MODULES = YES;
				CLANG_ENABLE_OBJC_ARC = YES;
				CLANG_WARN_BOOL_CONVERSION = YES;
				CLANG_WARN_CONSTANT_CONVERSION = YES;
				CLANG_WARN_DIRECT_OBJC_ISA_USAGE = YES_ERROR;
				CLANG_WARN_EMPTY_BODY = YES;
				CLANG_WARN_ENUM_CONVERSION = YES;
				CLANG_WARN_INT_CONVERSION = YES;
				CLANG_WARN_OBJC_ROOT_CLASS = YES_ERROR;
				CLANG_WARN_UNREACHABLE_CODE = YES;
				CLANG_WARN__DUPLICATE_METHOD_MATCH = YES;
				CODE_SIGN_IDENTITY = "-";
				COPY_PHASE_STRIP = NO;
				DEBUG_INFORMATION_FORMAT = dwarf;
				ENABLE_STRICT_OBJC_MSGSEND = YES;
				ENABLE_TESTABILITY = YES;
				GCC_C_LANGUAGE_STANDARD = gnu99;
				GCC_DYNAMIC_NO_PIC = NO;
				GCC_NO_COMMON_BLOCKS = YES;
				GCC_OPTIMIZATION_LEVEL = 0;
				GCC_PREPROCESSOR_DEFINITIONS = (
					"DEBUG=1",
					"$(inherited)",
				);
				GCC_WARN_64_TO_32_BIT_CONVERSION = YES;
				GCC_WARN_ABOUT_RETURN_TYPE = YES_ERROR;
				GCC_WARN_UNDECLARED_SELECTOR = YES;
				GCC_WARN_UNINITIALIZED_AUTOS = YES_AGGRESSIVE;
				GCC_WARN_UNUSED_FUNCTION = YES;
				GCC_WARN_UNUSED_VARIABLE = YES;
				MACOSX_DEPLOYMENT_TARGET = 10.11;
				MTL_ENABLE_DEBUG_INFO = YES;
				ONLY_ACTIVE_ARCH = YES;
				SDKROOT = macosx;
			};
			name = Debug;
		};
		EDAE2F0A1E1A64C900117ED9 /* Release */ = {
			isa = XCBuildConfiguration;
			buildSettings = {
				ALWAYS_SEARCH_USER_PATHS = NO;
				CLANG_ANALYZER_NONNULL = YES;
				CLANG_CXX_LANGUAGE_STANDARD = "gnu++0x";
				CLANG_CXX_LIBRARY = "libc++";
				CLANG_ENABLE_MODULES = YES;
				CLANG_ENABLE_OBJC_ARC = YES;
				CLANG_WARN_BOOL_CONVERSION = YES;
				CLANG_WARN_CONSTANT_CONVERSION = YES;
				CLANG_WARN_DIRECT_OBJC_ISA_USAGE = YES_ERROR;
				CLANG_WARN_EMPTY_BODY = YES;
				CLANG_WARN_ENUM_CONVERSION = YES;
				CLANG_WARN_INT_CONVERSION = YES;
				CLANG_WARN_OBJC_ROOT_CLASS = YES_ERROR;
				CLANG_WARN_UNREACHABLE_CODE = YES;
				CLANG_WARN__DUPLICATE_METHOD_MATCH = YES;
				CODE_SIGN_IDENTITY = "-";
				COPY_PHASE_STRIP = NO;
				DEBUG_INFORMATION_FORMAT = "dwarf-with-dsym";
				ENABLE_NS_ASSERTIONS = NO;
				ENABLE_STRICT_OBJC_MSGSEND = YES;
				GCC_C_LANGUAGE_STANDARD = gnu99;
				GCC_NO_COMMON_BLOCKS = YES;
				GCC_WARN_64_TO_32_BIT_CONVERSION = YES;
				GCC_WARN_ABOUT_RETURN_TYPE = YES_ERROR;
				GCC_WARN_UNDECLARED_SELECTOR = YES;
				GCC_WARN_UNINITIALIZED_AUTOS = YES_AGGRESSIVE;
				GCC_WARN_UNUSED_FUNCTION = YES;
				GCC_WARN_UNUSED_VARIABLE = YES;
				MACOSX_DEPLOYMENT_TARGET = 10.11;
				MTL_ENABLE_DEBUG_INFO = NO;
				SDKROOT = macosx;
			};
			name = Release;
		};
		EDAE2F0C1E1A64C900117ED9 /* Debug */ = {
			isa = XCBuildConfiguration;
			buildSettings = {
				PRODUCT_NAME = "$(TARGET_NAME)";
			};
			name = Debug;
		};
		EDAE2F0D1E1A64C900117ED9 /* Release */ = {
			isa = XCBuildConfiguration;
			buildSettings = {
				PRODUCT_NAME = "$(TARGET_NAME)";
			};
			name = Release;
		};
/* End XCBuildConfiguration section */

/* Begin XCConfigurationList section */
		EDAE2EFF1E1A64C900117ED9 /* Build configuration list for PBXProject "curl" */ = {
			isa = XCConfigurationList;
			buildConfigurations = (
				EDAE2F091E1A64C900117ED9 /* Debug */,
				EDAE2F0A1E1A64C900117ED9 /* Release */,
			);
			defaultConfigurationIsVisible = 0;
			defaultConfigurationName = Release;
		};
		EDAE2F0B1E1A64C900117ED9 /* Build configuration list for PBXNativeTarget "curl" */ = {
			isa = XCConfigurationList;
			buildConfigurations = (
				EDAE2F0C1E1A64C900117ED9 /* Debug */,
				EDAE2F0D1E1A64C900117ED9 /* Release */,
			);
			defaultConfigurationIsVisible = 0;
		};
/* End XCConfigurationList section */
	};
	rootObject = EDAE2EFC1E1A64C900117ED9 /* Project object */;
}
