// !$*UTF8*$!
{
	archiveVersion = 1;
	classes = {
	};
	objectVersion = 46;
	objects = {

/* Begin PBXBuildFile section */
		EDAE2F081E1A64C900117ED9 /* main.c in Sources */ = {isa = PBXBuildFile; fileRef = EDAE2F071E1A64C900117ED9 /* main.c */; };
		EDAE2F161E1AA77700117ED9 /* cookie.c in Sources */ = {isa = PBXBuildFile; fileRef = EDAE2F151E1AA77700117ED9 /* cookie.c */; };
		EDAE2F191E1B406D00117ED9 /* curl_fnmatch.c in Sources */ = {isa = PBXBuildFile; fileRef = EDAE2F181E1B406D00117ED9 /* curl_fnmatch.c */; };
		EDAE2F1E1E1B4FDC00117ED9 /* memdebug.c in Sources */ = {isa = PBXBuildFile; fileRef = EDAE2F1D1E1B4FDC00117ED9 /* memdebug.c */; };
		EDAE2F211E1B513300117ED9 /* mprintf.c in Sources */ = {isa = PBXBuildFile; fileRef = EDAE2F201E1B513300117ED9 /* mprintf.c */; };
		EDAE2F241E1B579400117ED9 /* formdata.c in Sources */ = {isa = PBXBuildFile; fileRef = EDAE2F231E1B579400117ED9 /* formdata.c */; };
		EDAE2F271E1B947700117ED9 /* strdup.c in Sources */ = {isa = PBXBuildFile; fileRef = EDAE2F261E1B947700117ED9 /* strdup.c */; };
		EDAE2F2A1E1B94AA00117ED9 /* strcase.c in Sources */ = {isa = PBXBuildFile; fileRef = EDAE2F281E1B94AA00117ED9 /* strcase.c */; };
		EDAE2F2D1E1B950400117ED9 /* strerror.c in Sources */ = {isa = PBXBuildFile; fileRef = EDAE2F2B1E1B950400117ED9 /* strerror.c */; };
		EDAE2F301E1B95E400117ED9 /* strtok.c in Sources */ = {isa = PBXBuildFile; fileRef = EDAE2F2E1E1B95E400117ED9 /* strtok.c */; };
		EDAE2F331E1B963500117ED9 /* strtoofft.c in Sources */ = {isa = PBXBuildFile; fileRef = EDAE2F311E1B963500117ED9 /* strtoofft.c */; };
		EDAE2F361E1B974E00117ED9 /* file.c in Sources */ = {isa = PBXBuildFile; fileRef = EDAE2F341E1B974E00117ED9 /* file.c */; };
		EDAE2F391E1B982800117ED9 /* escape.c in Sources */ = {isa = PBXBuildFile; fileRef = EDAE2F371E1B982800117ED9 /* escape.c */; };
		EDAE2F3C1E1B9A5D00117ED9 /* llist.c in Sources */ = {isa = PBXBuildFile; fileRef = EDAE2F3A1E1B9A5D00117ED9 /* llist.c */; };
		EDAE2F3F1E1B9ABF00117ED9 /* hash.c in Sources */ = {isa = PBXBuildFile; fileRef = EDAE2F3D1E1B9ABF00117ED9 /* hash.c */; };
		EDAE2F421E1BA60900117ED9 /* slist.c in Sources */ = {isa = PBXBuildFile; fileRef = EDAE2F401E1BA60900117ED9 /* slist.c */; };
		EDAE2F451E1BA66A00117ED9 /* splay.c in Sources */ = {isa = PBXBuildFile; fileRef = EDAE2F431E1BA66A00117ED9 /* splay.c */; };
		EDAE2F481E1BAEB600117ED9 /* fileinfo.c in Sources */ = {isa = PBXBuildFile; fileRef = EDAE2F461E1BAEB600117ED9 /* fileinfo.c */; };
		EDAE2F4B1E1BB0AB00117ED9 /* dotdot.c in Sources */ = {isa = PBXBuildFile; fileRef = EDAE2F491E1BB0AB00117ED9 /* dotdot.c */; };
		EDAE2F4E1E1BB1E800117ED9 /* curl_gethostname.c in Sources */ = {isa = PBXBuildFile; fileRef = EDAE2F4C1E1BB1E800117ED9 /* curl_gethostname.c */; };
		EDAE2F511E1BB3E300117ED9 /* curl_memrchr.c in Sources */ = {isa = PBXBuildFile; fileRef = EDAE2F4F1E1BB3E300117ED9 /* curl_memrchr.c */; };
		EDAE2F541E1BE32F00117ED9 /* netrc.c in Sources */ = {isa = PBXBuildFile; fileRef = EDAE2F521E1BE32F00117ED9 /* netrc.c */; };
		EDAE2F571E1BE71400117ED9 /* parsedate.c in Sources */ = {isa = PBXBuildFile; fileRef = EDAE2F551E1BE71400117ED9 /* parsedate.c */; };
		EDAE2F5A1E1BE81100117ED9 /* warnless.c in Sources */ = {isa = PBXBuildFile; fileRef = EDAE2F581E1BE81100117ED9 /* warnless.c */; };
		EDAE2F5D1E1BE8C800117ED9 /* progress.c in Sources */ = {isa = PBXBuildFile; fileRef = EDAE2F5B1E1BE8C800117ED9 /* progress.c */; };
		EDAE2F601E1BE93D00117ED9 /* timeval.c in Sources */ = {isa = PBXBuildFile; fileRef = EDAE2F5E1E1BE93D00117ED9 /* timeval.c */; };
		EDAE2F631E1BEB4100117ED9 /* rand.c in Sources */ = {isa = PBXBuildFile; fileRef = EDAE2F611E1BEB4100117ED9 /* rand.c */; };
		EDAE2F661E1BED7700117ED9 /* wildcard.c in Sources */ = {isa = PBXBuildFile; fileRef = EDAE2F641E1BED7700117ED9 /* wildcard.c */; };
		EDAE2F691E1BF40E00117ED9 /* security.c in Sources */ = {isa = PBXBuildFile; fileRef = EDAE2F671E1BF40E00117ED9 /* security.c */; };
		EDAE2F6D1E1BF8AE00117ED9 /* curl_threads.c in Sources */ = {isa = PBXBuildFile; fileRef = EDAE2F6B1E1BF8AE00117ED9 /* curl_threads.c */; };
		EDAE2F701E1BFB8100117ED9 /* hostip.c in Sources */ = {isa = PBXBuildFile; fileRef = EDAE2F6E1E1BFB8100117ED9 /* hostip.c */; };
		EDAE2F721E1C000200117ED9 /* hostip4.c in Sources */ = {isa = PBXBuildFile; fileRef = EDAE2F711E1C000200117ED9 /* hostip4.c */; };
		EDAE2F741E1C005000117ED9 /* hostip6.c in Sources */ = {isa = PBXBuildFile; fileRef = EDAE2F731E1C005000117ED9 /* hostip6.c */; };
/* End PBXBuildFile section */

/* Begin PBXCopyFilesBuildPhase section */
		EDAE2F021E1A64C900117ED9 /* CopyFiles */ = {
			isa = PBXCopyFilesBuildPhase;
			buildActionMask = 2147483647;
			dstPath = /usr/share/man/man1/;
			dstSubfolderSpec = 0;
			files = (
			);
			runOnlyForDeploymentPostprocessing = 1;
		};
/* End PBXCopyFilesBuildPhase section */

/* Begin PBXFileReference section */
		EDAE2F041E1A64C900117ED9 /* curl */ = {isa = PBXFileReference; explicitFileType = "compiled.mach-o.executable"; includeInIndex = 0; path = curl; sourceTree = BUILT_PRODUCTS_DIR; };
		EDAE2F071E1A64C900117ED9 /* main.c */ = {isa = PBXFileReference; lastKnownFileType = sourcecode.c.c; path = main.c; sourceTree = "<group>"; };
		EDAE2F0F1E1A835600117ED9 /* config-mac.h */ = {isa = PBXFileReference; lastKnownFileType = sourcecode.c.h; name = "config-mac.h"; path = "liburl/config-mac.h"; sourceTree = "<group>"; };
		EDAE2F121E1A83E800117ED9 /* curl_setup.h */ = {isa = PBXFileReference; lastKnownFileType = sourcecode.c.h; name = curl_setup.h; path = liburl/curl_setup.h; sourceTree = "<group>"; };
		EDAE2F131E1A9F4400117ED9 /* urldata.h */ = {isa = PBXFileReference; lastKnownFileType = sourcecode.c.h; name = urldata.h; path = liburl/urldata.h; sourceTree = "<group>"; };
		EDAE2F141E1AA0A200117ED9 /* cookie.h */ = {isa = PBXFileReference; lastKnownFileType = sourcecode.c.h; name = cookie.h; path = liburl/cookie.h; sourceTree = "<group>"; };
		EDAE2F151E1AA77700117ED9 /* cookie.c */ = {isa = PBXFileReference; fileEncoding = 4; lastKnownFileType = sourcecode.c.c; name = cookie.c; path = liburl/cookie.c; sourceTree = "<group>"; };
		EDAE2F171E1B400500117ED9 /* curl_fnmatch.h */ = {isa = PBXFileReference; lastKnownFileType = sourcecode.c.h; name = curl_fnmatch.h; path = liburl/curl_fnmatch.h; sourceTree = "<group>"; };
		EDAE2F181E1B406D00117ED9 /* curl_fnmatch.c */ = {isa = PBXFileReference; fileEncoding = 4; lastKnownFileType = sourcecode.c.c; name = curl_fnmatch.c; path = liburl/curl_fnmatch.c; sourceTree = "<group>"; };
		EDAE2F1A1E1B464600117ED9 /* curl_setup_once.h */ = {isa = PBXFileReference; lastKnownFileType = sourcecode.c.h; name = curl_setup_once.h; path = liburl/curl_setup_once.h; sourceTree = "<group>"; };
		EDAE2F1B1E1B4C2200117ED9 /* curl_memory.h */ = {isa = PBXFileReference; lastKnownFileType = sourcecode.c.h; name = curl_memory.h; path = liburl/curl_memory.h; sourceTree = "<group>"; };
		EDAE2F1C1E1B4EA300117ED9 /* memdebug.h */ = {isa = PBXFileReference; lastKnownFileType = sourcecode.c.h; name = memdebug.h; path = liburl/memdebug.h; sourceTree = "<group>"; };
		EDAE2F1D1E1B4FDC00117ED9 /* memdebug.c */ = {isa = PBXFileReference; fileEncoding = 4; lastKnownFileType = sourcecode.c.c; name = memdebug.c; path = liburl/memdebug.c; sourceTree = "<group>"; };
		EDAE2F1F1E1B50F400117ED9 /* curl_printf.h */ = {isa = PBXFileReference; lastKnownFileType = sourcecode.c.h; name = curl_printf.h; path = liburl/curl_printf.h; sourceTree = "<group>"; };
		EDAE2F201E1B513300117ED9 /* mprintf.c */ = {isa = PBXFileReference; fileEncoding = 4; lastKnownFileType = sourcecode.c.c; name = mprintf.c; path = liburl/mprintf.c; sourceTree = "<group>"; };
		EDAE2F221E1B56D500117ED9 /* formdata.h */ = {isa = PBXFileReference; lastKnownFileType = sourcecode.c.h; name = formdata.h; path = liburl/formdata.h; sourceTree = "<group>"; };
		EDAE2F231E1B579400117ED9 /* formdata.c */ = {isa = PBXFileReference; fileEncoding = 4; lastKnownFileType = sourcecode.c.c; name = formdata.c; path = liburl/formdata.c; sourceTree = "<group>"; };
		EDAE2F251E1B91DF00117ED9 /* strdup.h */ = {isa = PBXFileReference; lastKnownFileType = sourcecode.c.h; name = strdup.h; path = liburl/strdup.h; sourceTree = "<group>"; };
		EDAE2F261E1B947700117ED9 /* strdup.c */ = {isa = PBXFileReference; fileEncoding = 4; lastKnownFileType = sourcecode.c.c; name = strdup.c; path = liburl/strdup.c; sourceTree = "<group>"; };
		EDAE2F281E1B94AA00117ED9 /* strcase.c */ = {isa = PBXFileReference; fileEncoding = 4; lastKnownFileType = sourcecode.c.c; name = strcase.c; path = liburl/strcase.c; sourceTree = "<group>"; };
		EDAE2F291E1B94AA00117ED9 /* strcase.h */ = {isa = PBXFileReference; fileEncoding = 4; lastKnownFileType = sourcecode.c.h; name = strcase.h; path = liburl/strcase.h; sourceTree = "<group>"; };
		EDAE2F2B1E1B950400117ED9 /* strerror.c */ = {isa = PBXFileReference; fileEncoding = 4; lastKnownFileType = sourcecode.c.c; name = strerror.c; path = liburl/strerror.c; sourceTree = "<group>"; };
		EDAE2F2C1E1B950400117ED9 /* strerror.h */ = {isa = PBXFileReference; fileEncoding = 4; lastKnownFileType = sourcecode.c.h; name = strerror.h; path = liburl/strerror.h; sourceTree = "<group>"; };
		EDAE2F2E1E1B95E400117ED9 /* strtok.c */ = {isa = PBXFileReference; fileEncoding = 4; lastKnownFileType = sourcecode.c.c; name = strtok.c; path = liburl/strtok.c; sourceTree = "<group>"; };
		EDAE2F2F1E1B95E400117ED9 /* strtok.h */ = {isa = PBXFileReference; fileEncoding = 4; lastKnownFileType = sourcecode.c.h; name = strtok.h; path = liburl/strtok.h; sourceTree = "<group>"; };
		EDAE2F311E1B963500117ED9 /* strtoofft.c */ = {isa = PBXFileReference; fileEncoding = 4; lastKnownFileType = sourcecode.c.c; name = strtoofft.c; path = liburl/strtoofft.c; sourceTree = "<group>"; };
		EDAE2F321E1B963500117ED9 /* strtoofft.h */ = {isa = PBXFileReference; fileEncoding = 4; lastKnownFileType = sourcecode.c.h; name = strtoofft.h; path = liburl/strtoofft.h; sourceTree = "<group>"; };
		EDAE2F341E1B974E00117ED9 /* file.c */ = {isa = PBXFileReference; fileEncoding = 4; lastKnownFileType = sourcecode.c.c; name = file.c; path = liburl/file.c; sourceTree = "<group>"; };
		EDAE2F351E1B974E00117ED9 /* file.h */ = {isa = PBXFileReference; fileEncoding = 4; lastKnownFileType = sourcecode.c.h; name = file.h; path = liburl/file.h; sourceTree = "<group>"; };
		EDAE2F371E1B982800117ED9 /* escape.c */ = {isa = PBXFileReference; fileEncoding = 4; lastKnownFileType = sourcecode.c.c; name = escape.c; path = liburl/escape.c; sourceTree = "<group>"; };
		EDAE2F381E1B982800117ED9 /* escape.h */ = {isa = PBXFileReference; fileEncoding = 4; lastKnownFileType = sourcecode.c.h; name = escape.h; path = liburl/escape.h; sourceTree = "<group>"; };
		EDAE2F3A1E1B9A5D00117ED9 /* llist.c */ = {isa = PBXFileReference; fileEncoding = 4; lastKnownFileType = sourcecode.c.c; name = llist.c; path = liburl/llist.c; sourceTree = "<group>"; };
		EDAE2F3B1E1B9A5D00117ED9 /* llist.h */ = {isa = PBXFileReference; fileEncoding = 4; lastKnownFileType = sourcecode.c.h; name = llist.h; path = liburl/llist.h; sourceTree = "<group>"; };
		EDAE2F3D1E1B9ABF00117ED9 /* hash.c */ = {isa = PBXFileReference; fileEncoding = 4; lastKnownFileType = sourcecode.c.c; name = hash.c; path = liburl/hash.c; sourceTree = "<group>"; };
		EDAE2F3E1E1B9ABF00117ED9 /* hash.h */ = {isa = PBXFileReference; fileEncoding = 4; lastKnownFileType = sourcecode.c.h; name = hash.h; path = liburl/hash.h; sourceTree = "<group>"; };
		EDAE2F401E1BA60900117ED9 /* slist.c */ = {isa = PBXFileReference; fileEncoding = 4; lastKnownFileType = sourcecode.c.c; name = slist.c; path = liburl/slist.c; sourceTree = "<group>"; };
		EDAE2F411E1BA60900117ED9 /* slist.h */ = {isa = PBXFileReference; fileEncoding = 4; lastKnownFileType = sourcecode.c.h; name = slist.h; path = liburl/slist.h; sourceTree = "<group>"; };
		EDAE2F431E1BA66A00117ED9 /* splay.c */ = {isa = PBXFileReference; fileEncoding = 4; lastKnownFileType = sourcecode.c.c; name = splay.c; path = liburl/splay.c; sourceTree = "<group>"; };
		EDAE2F441E1BA66A00117ED9 /* splay.h */ = {isa = PBXFileReference; fileEncoding = 4; lastKnownFileType = sourcecode.c.h; name = splay.h; path = liburl/splay.h; sourceTree = "<group>"; };
		EDAE2F461E1BAEB600117ED9 /* fileinfo.c */ = {isa = PBXFileReference; fileEncoding = 4; lastKnownFileType = sourcecode.c.c; name = fileinfo.c; path = liburl/fileinfo.c; sourceTree = "<group>"; };
		EDAE2F471E1BAEB600117ED9 /* fileinfo.h */ = {isa = PBXFileReference; fileEncoding = 4; lastKnownFileType = sourcecode.c.h; name = fileinfo.h; path = liburl/fileinfo.h; sourceTree = "<group>"; };
		EDAE2F491E1BB0AB00117ED9 /* dotdot.c */ = {isa = PBXFileReference; fileEncoding = 4; lastKnownFileType = sourcecode.c.c; name = dotdot.c; path = liburl/dotdot.c; sourceTree = "<group>"; };
		EDAE2F4A1E1BB0AB00117ED9 /* dotdot.h */ = {isa = PBXFileReference; fileEncoding = 4; lastKnownFileType = sourcecode.c.h; name = dotdot.h; path = liburl/dotdot.h; sourceTree = "<group>"; };
		EDAE2F4C1E1BB1E800117ED9 /* curl_gethostname.c */ = {isa = PBXFileReference; fileEncoding = 4; lastKnownFileType = sourcecode.c.c; name = curl_gethostname.c; path = liburl/curl_gethostname.c; sourceTree = "<group>"; };
		EDAE2F4D1E1BB1E800117ED9 /* curl_gethostname.h */ = {isa = PBXFileReference; fileEncoding = 4; lastKnownFileType = sourcecode.c.h; name = curl_gethostname.h; path = liburl/curl_gethostname.h; sourceTree = "<group>"; };
		EDAE2F4F1E1BB3E300117ED9 /* curl_memrchr.c */ = {isa = PBXFileReference; fileEncoding = 4; lastKnownFileType = sourcecode.c.c; name = curl_memrchr.c; path = liburl/curl_memrchr.c; sourceTree = "<group>"; };
		EDAE2F501E1BB3E300117ED9 /* curl_memrchr.h */ = {isa = PBXFileReference; fileEncoding = 4; lastKnownFileType = sourcecode.c.h; name = curl_memrchr.h; path = liburl/curl_memrchr.h; sourceTree = "<group>"; };
		EDAE2F521E1BE32F00117ED9 /* netrc.c */ = {isa = PBXFileReference; fileEncoding = 4; lastKnownFileType = sourcecode.c.c; name = netrc.c; path = liburl/netrc.c; sourceTree = "<group>"; };
		EDAE2F531E1BE32F00117ED9 /* netrc.h */ = {isa = PBXFileReference; fileEncoding = 4; lastKnownFileType = sourcecode.c.h; name = netrc.h; path = liburl/netrc.h; sourceTree = "<group>"; };
		EDAE2F551E1BE71400117ED9 /* parsedate.c */ = {isa = PBXFileReference; fileEncoding = 4; lastKnownFileType = sourcecode.c.c; name = parsedate.c; path = liburl/parsedate.c; sourceTree = "<group>"; };
		EDAE2F561E1BE71400117ED9 /* parsedate.h */ = {isa = PBXFileReference; fileEncoding = 4; lastKnownFileType = sourcecode.c.h; name = parsedate.h; path = liburl/parsedate.h; sourceTree = "<group>"; };
		EDAE2F581E1BE81100117ED9 /* warnless.c */ = {isa = PBXFileReference; fileEncoding = 4; lastKnownFileType = sourcecode.c.c; name = warnless.c; path = liburl/warnless.c; sourceTree = "<group>"; };
		EDAE2F591E1BE81100117ED9 /* warnless.h */ = {isa = PBXFileReference; fileEncoding = 4; lastKnownFileType = sourcecode.c.h; name = warnless.h; path = liburl/warnless.h; sourceTree = "<group>"; };
		EDAE2F5B1E1BE8C800117ED9 /* progress.c */ = {isa = PBXFileReference; fileEncoding = 4; lastKnownFileType = sourcecode.c.c; name = progress.c; path = liburl/progress.c; sourceTree = "<group>"; };
		EDAE2F5C1E1BE8C800117ED9 /* progress.h */ = {isa = PBXFileReference; fileEncoding = 4; lastKnownFileType = sourcecode.c.h; name = progress.h; path = liburl/progress.h; sourceTree = "<group>"; };
		EDAE2F5E1E1BE93D00117ED9 /* timeval.c */ = {isa = PBXFileReference; fileEncoding = 4; lastKnownFileType = sourcecode.c.c; name = timeval.c; path = liburl/timeval.c; sourceTree = "<group>"; };
		EDAE2F5F1E1BE93D00117ED9 /* timeval.h */ = {isa = PBXFileReference; fileEncoding = 4; lastKnownFileType = sourcecode.c.h; name = timeval.h; path = liburl/timeval.h; sourceTree = "<group>"; };
		EDAE2F611E1BEB4100117ED9 /* rand.c */ = {isa = PBXFileReference; fileEncoding = 4; lastKnownFileType = sourcecode.c.c; name = rand.c; path = liburl/rand.c; sourceTree = "<group>"; };
		EDAE2F621E1BEB4100117ED9 /* rand.h */ = {isa = PBXFileReference; fileEncoding = 4; lastKnownFileType = sourcecode.c.h; name = rand.h; path = liburl/rand.h; sourceTree = "<group>"; };
		EDAE2F641E1BED7700117ED9 /* wildcard.c */ = {isa = PBXFileReference; fileEncoding = 4; lastKnownFileType = sourcecode.c.c; name = wildcard.c; path = liburl/wildcard.c; sourceTree = "<group>"; };
		EDAE2F651E1BED7700117ED9 /* wildcard.h */ = {isa = PBXFileReference; fileEncoding = 4; lastKnownFileType = sourcecode.c.h; name = wildcard.h; path = liburl/wildcard.h; sourceTree = "<group>"; };
		EDAE2F671E1BF40E00117ED9 /* security.c */ = {isa = PBXFileReference; fileEncoding = 4; lastKnownFileType = sourcecode.c.c; name = security.c; path = liburl/security.c; sourceTree = "<group>"; };
		EDAE2F6A1E1BF5EF00117ED9 /* curlx.h */ = {isa = PBXFileReference; lastKnownFileType = sourcecode.c.h; name = curlx.h; path = liburl/curlx.h; sourceTree = "<group>"; };
		EDAE2F6B1E1BF8AE00117ED9 /* curl_threads.c */ = {isa = PBXFileReference; fileEncoding = 4; lastKnownFileType = sourcecode.c.c; name = curl_threads.c; path = liburl/curl_threads.c; sourceTree = "<group>"; };
		EDAE2F6C1E1BF8AE00117ED9 /* curl_threads.h */ = {isa = PBXFileReference; fileEncoding = 4; lastKnownFileType = sourcecode.c.h; name = curl_threads.h; path = liburl/curl_threads.h; sourceTree = "<group>"; };
		EDAE2F6E1E1BFB8100117ED9 /* hostip.c */ = {isa = PBXFileReference; fileEncoding = 4; lastKnownFileType = sourcecode.c.c; name = hostip.c; path = liburl/hostip.c; sourceTree = "<group>"; };
		EDAE2F6F1E1BFB8100117ED9 /* hostip.h */ = {isa = PBXFileReference; fileEncoding = 4; lastKnownFileType = sourcecode.c.h; name = hostip.h; path = liburl/hostip.h; sourceTree = "<group>"; };
		EDAE2F711E1C000200117ED9 /* hostip4.c */ = {isa = PBXFileReference; fileEncoding = 4; lastKnownFileType = sourcecode.c.c; name = hostip4.c; path = liburl/hostip4.c; sourceTree = "<group>"; };
		EDAE2F731E1C005000117ED9 /* hostip6.c */ = {isa = PBXFileReference; fileEncoding = 4; lastKnownFileType = sourcecode.c.c; name = hostip6.c; path = liburl/hostip6.c; sourceTree = "<group>"; };
/* End PBXFileReference section */

/* Begin PBXFrameworksBuildPhase section */
		EDAE2F011E1A64C900117ED9 /* Frameworks */ = {
			isa = PBXFrameworksBuildPhase;
			buildActionMask = 2147483647;
			files = (
			);
			runOnlyForDeploymentPostprocessing = 0;
		};
/* End PBXFrameworksBuildPhase section */

/* Begin PBXGroup section */
		EDAE2EFB1E1A64C900117ED9 = {
			isa = PBXGroup;
			children = (
				EDAE2F061E1A64C900117ED9 /* curl */,
				EDAE2F051E1A64C900117ED9 /* Products */,
			);
			sourceTree = "<group>";
		};
		EDAE2F051E1A64C900117ED9 /* Products */ = {
			isa = PBXGroup;
			children = (
				EDAE2F041E1A64C900117ED9 /* curl */,
			);
			name = Products;
			sourceTree = "<group>";
		};
		EDAE2F061E1A64C900117ED9 /* curl */ = {
			isa = PBXGroup;
			children = (
				EDAE2F0E1E1A832900117ED9 /* liburl */,
				EDAE2F071E1A64C900117ED9 /* main.c */,
			);
			path = curl;
			sourceTree = "<group>";
		};
		EDAE2F0E1E1A832900117ED9 /* liburl */ = {
			isa = PBXGroup;
			children = (
				EDAE2F0F1E1A835600117ED9 /* config-mac.h */,
				EDAE2F121E1A83E800117ED9 /* curl_setup.h */,
				EDAE2F131E1A9F4400117ED9 /* urldata.h */,
				EDAE2F141E1AA0A200117ED9 /* cookie.h */,
				EDAE2F151E1AA77700117ED9 /* cookie.c */,
				EDAE2F171E1B400500117ED9 /* curl_fnmatch.h */,
				EDAE2F181E1B406D00117ED9 /* curl_fnmatch.c */,
				EDAE2F1A1E1B464600117ED9 /* curl_setup_once.h */,
				EDAE2F1B1E1B4C2200117ED9 /* curl_memory.h */,
				EDAE2F1C1E1B4EA300117ED9 /* memdebug.h */,
				EDAE2F1D1E1B4FDC00117ED9 /* memdebug.c */,
				EDAE2F1F1E1B50F400117ED9 /* curl_printf.h */,
				EDAE2F201E1B513300117ED9 /* mprintf.c */,
				EDAE2F221E1B56D500117ED9 /* formdata.h */,
				EDAE2F231E1B579400117ED9 /* formdata.c */,
				EDAE2F251E1B91DF00117ED9 /* strdup.h */,
				EDAE2F261E1B947700117ED9 /* strdup.c */,
				EDAE2F281E1B94AA00117ED9 /* strcase.c */,
				EDAE2F291E1B94AA00117ED9 /* strcase.h */,
				EDAE2F2B1E1B950400117ED9 /* strerror.c */,
				EDAE2F2C1E1B950400117ED9 /* strerror.h */,
				EDAE2F2E1E1B95E400117ED9 /* strtok.c */,
				EDAE2F2F1E1B95E400117ED9 /* strtok.h */,
				EDAE2F311E1B963500117ED9 /* strtoofft.c */,
				EDAE2F321E1B963500117ED9 /* strtoofft.h */,
				EDAE2F341E1B974E00117ED9 /* file.c */,
				EDAE2F351E1B974E00117ED9 /* file.h */,
				EDAE2F371E1B982800117ED9 /* escape.c */,
				EDAE2F381E1B982800117ED9 /* escape.h */,
				EDAE2F3A1E1B9A5D00117ED9 /* llist.c */,
				EDAE2F3B1E1B9A5D00117ED9 /* llist.h */,
				EDAE2F3D1E1B9ABF00117ED9 /* hash.c */,
				EDAE2F3E1E1B9ABF00117ED9 /* hash.h */,
				EDAE2F401E1BA60900117ED9 /* slist.c */,
				EDAE2F411E1BA60900117ED9 /* slist.h */,
				EDAE2F431E1BA66A00117ED9 /* splay.c */,
				EDAE2F441E1BA66A00117ED9 /* splay.h */,
				EDAE2F461E1BAEB600117ED9 /* fileinfo.c */,
				EDAE2F471E1BAEB600117ED9 /* fileinfo.h */,
				EDAE2F491E1BB0AB00117ED9 /* dotdot.c */,
				EDAE2F4A1E1BB0AB00117ED9 /* dotdot.h */,
				EDAE2F4C1E1BB1E800117ED9 /* curl_gethostname.c */,
				EDAE2F4D1E1BB1E800117ED9 /* curl_gethostname.h */,
				EDAE2F4F1E1BB3E300117ED9 /* curl_memrchr.c */,
				EDAE2F501E1BB3E300117ED9 /* curl_memrchr.h */,
				EDAE2F521E1BE32F00117ED9 /* netrc.c */,
				EDAE2F531E1BE32F00117ED9 /* netrc.h */,
				EDAE2F551E1BE71400117ED9 /* parsedate.c */,
				EDAE2F561E1BE71400117ED9 /* parsedate.h */,
				EDAE2F581E1BE81100117ED9 /* warnless.c */,
				EDAE2F591E1BE81100117ED9 /* warnless.h */,
				EDAE2F5B1E1BE8C800117ED9 /* progress.c */,
				EDAE2F5C1E1BE8C800117ED9 /* progress.h */,
				EDAE2F5E1E1BE93D00117ED9 /* timeval.c */,
				EDAE2F5F1E1BE93D00117ED9 /* timeval.h */,
				EDAE2F611E1BEB4100117ED9 /* rand.c */,
				EDAE2F621E1BEB4100117ED9 /* rand.h */,
				EDAE2F641E1BED7700117ED9 /* wildcard.c */,
				EDAE2F651E1BED7700117ED9 /* wildcard.h */,
				EDAE2F671E1BF40E00117ED9 /* security.c */,
				EDAE2F6A1E1BF5EF00117ED9 /* curlx.h */,
				EDAE2F6B1E1BF8AE00117ED9 /* curl_threads.c */,
				EDAE2F6C1E1BF8AE00117ED9 /* curl_threads.h */,
				EDAE2F6E1E1BFB8100117ED9 /* hostip.c */,
				EDAE2F6F1E1BFB8100117ED9 /* hostip.h */,
				EDAE2F711E1C000200117ED9 /* hostip4.c */,
				EDAE2F731E1C005000117ED9 /* hostip6.c */,
			);
			name = liburl;
			sourceTree = "<group>";
		};
/* End PBXGroup section */

/* Begin PBXNativeTarget section */
		EDAE2F031E1A64C900117ED9 /* curl */ = {
			isa = PBXNativeTarget;
			buildConfigurationList = EDAE2F0B1E1A64C900117ED9 /* Build configuration list for PBXNativeTarget "curl" */;
			buildPhases = (
				EDAE2F001E1A64C900117ED9 /* Sources */,
				EDAE2F011E1A64C900117ED9 /* Frameworks */,
				EDAE2F021E1A64C900117ED9 /* CopyFiles */,
			);
			buildRules = (
			);
			dependencies = (
			);
			name = curl;
			productName = curl;
			productReference = EDAE2F041E1A64C900117ED9 /* curl */;
			productType = "com.apple.product-type.tool";
		};
/* End PBXNativeTarget section */

/* Begin PBXProject section */
		EDAE2EFC1E1A64C900117ED9 /* Project object */ = {
			isa = PBXProject;
			attributes = {
				LastUpgradeCheck = 0730;
				ORGANIZATIONNAME = "张少雄";
				TargetAttributes = {
					EDAE2F031E1A64C900117ED9 = {
						CreatedOnToolsVersion = 7.3.1;
					};
				};
			};
			buildConfigurationList = EDAE2EFF1E1A64C900117ED9 /* Build configuration list for PBXProject "curl" */;
			compatibilityVersion = "Xcode 3.2";
			developmentRegion = English;
			hasScannedForEncodings = 0;
			knownRegions = (
				en,
			);
			mainGroup = EDAE2EFB1E1A64C900117ED9;
			productRefGroup = EDAE2F051E1A64C900117ED9 /* Products */;
			projectDirPath = "";
			projectRoot = "";
			targets = (
				EDAE2F031E1A64C900117ED9 /* curl */,
			);
		};
/* End PBXProject section */

/* Begin PBXSourcesBuildPhase section */
		EDAE2F001E1A64C900117ED9 /* Sources */ = {
			isa = PBXSourcesBuildPhase;
			buildActionMask = 2147483647;
			files = (
				EDAE2F271E1B947700117ED9 /* strdup.c in Sources */,
				EDAE2F691E1BF40E00117ED9 /* security.c in Sources */,
				EDAE2F631E1BEB4100117ED9 /* rand.c in Sources */,
				EDAE2F081E1A64C900117ED9 /* main.c in Sources */,
				EDAE2F5A1E1BE81100117ED9 /* warnless.c in Sources */,
				EDAE2F721E1C000200117ED9 /* hostip4.c in Sources */,
				EDAE2F331E1B963500117ED9 /* strtoofft.c in Sources */,
				EDAE2F481E1BAEB600117ED9 /* fileinfo.c in Sources */,
				EDAE2F301E1B95E400117ED9 /* strtok.c in Sources */,
				EDAE2F1E1E1B4FDC00117ED9 /* memdebug.c in Sources */,
				EDAE2F211E1B513300117ED9 /* mprintf.c in Sources */,
				EDAE2F601E1BE93D00117ED9 /* timeval.c in Sources */,
				EDAE2F391E1B982800117ED9 /* escape.c in Sources */,
				EDAE2F541E1BE32F00117ED9 /* netrc.c in Sources */,
				EDAE2F421E1BA60900117ED9 /* slist.c in Sources */,
				EDAE2F241E1B579400117ED9 /* formdata.c in Sources */,
				EDAE2F741E1C005000117ED9 /* hostip6.c in Sources */,
				EDAE2F5D1E1BE8C800117ED9 /* progress.c in Sources */,
				EDAE2F191E1B406D00117ED9 /* curl_fnmatch.c in Sources */,
				EDAE2F161E1AA77700117ED9 /* cookie.c in Sources */,
				EDAE2F3F1E1B9ABF00117ED9 /* hash.c in Sources */,
				EDAE2F2A1E1B94AA00117ED9 /* strcase.c in Sources */,
				EDAE2F571E1BE71400117ED9 /* parsedate.c in Sources */,
				EDAE2F6D1E1BF8AE00117ED9 /* curl_threads.c in Sources */,
				EDAE2F4B1E1BB0AB00117ED9 /* dotdot.c in Sources */,
				EDAE2F661E1BED7700117ED9 /* wildcard.c in Sources */,
				EDAE2F4E1E1BB1E800117ED9 /* curl_gethostname.c in Sources */,
				EDAE2F701E1BFB8100117ED9 /* hostip.c in Sources */,
				EDAE2F451E1BA66A00117ED9 /* splay.c in Sources */,
				EDAE2F2D1E1B950400117ED9 /* strerror.c in Sources */,
				EDAE2F3C1E1B9A5D00117ED9 /* llist.c in Sources */,
				EDAE2F361E1B974E00117ED9 /* file.c in Sources */,
				EDAE2F511E1BB3E300117ED9 /* curl_memrchr.c in Sources */,
			);
			runOnlyForDeploymentPostprocessing = 0;
		};
/* End PBXSourcesBuildPhase section */

/* Begin XCBuildConfiguration section */
		EDAE2F091E1A64C900117ED9 /* Debug */ = {
			isa = XCBuildConfiguration;
			buildSettings = {
				ALWAYS_SEARCH_USER_PATHS = NO;
				CLANG_ANALYZER_NONNULL = YES;
				CLANG_CXX_LANGUAGE_STANDARD = "gnu++0x";
				CLANG_CXX_LIBRARY = "libc++";
				CLANG_ENABLE_MODULES = YES;
				CLANG_ENABLE_OBJC_ARC = YES;
				CLANG_WARN_BOOL_CONVERSION = YES;
				CLANG_WARN_CONSTANT_CONVERSION = YES;
				CLANG_WARN_DIRECT_OBJC_ISA_USAGE = YES_ERROR;
				CLANG_WARN_EMPTY_BODY = YES;
				CLANG_WARN_ENUM_CONVERSION = YES;
				CLANG_WARN_INT_CONVERSION = YES;
				CLANG_WARN_OBJC_ROOT_CLASS = YES_ERROR;
				CLANG_WARN_UNREACHABLE_CODE = YES;
				CLANG_WARN__DUPLICATE_METHOD_MATCH = YES;
				CODE_SIGN_IDENTITY = "-";
				COPY_PHASE_STRIP = NO;
				DEBUG_INFORMATION_FORMAT = dwarf;
				ENABLE_STRICT_OBJC_MSGSEND = YES;
				ENABLE_TESTABILITY = YES;
				GCC_C_LANGUAGE_STANDARD = gnu99;
				GCC_DYNAMIC_NO_PIC = NO;
				GCC_NO_COMMON_BLOCKS = YES;
				GCC_OPTIMIZATION_LEVEL = 0;
				GCC_PREPROCESSOR_DEFINITIONS = (
					"DEBUG=1",
					"$(inherited)",
				);
				GCC_WARN_64_TO_32_BIT_CONVERSION = YES;
				GCC_WARN_ABOUT_RETURN_TYPE = YES_ERROR;
				GCC_WARN_UNDECLARED_SELECTOR = YES;
				GCC_WARN_UNINITIALIZED_AUTOS = YES_AGGRESSIVE;
				GCC_WARN_UNUSED_FUNCTION = YES;
				GCC_WARN_UNUSED_VARIABLE = YES;
				MACOSX_DEPLOYMENT_TARGET = 10.11;
				MTL_ENABLE_DEBUG_INFO = YES;
				ONLY_ACTIVE_ARCH = YES;
				SDKROOT = macosx;
			};
			name = Debug;
		};
		EDAE2F0A1E1A64C900117ED9 /* Release */ = {
			isa = XCBuildConfiguration;
			buildSettings = {
				ALWAYS_SEARCH_USER_PATHS = NO;
				CLANG_ANALYZER_NONNULL = YES;
				CLANG_CXX_LANGUAGE_STANDARD = "gnu++0x";
				CLANG_CXX_LIBRARY = "libc++";
				CLANG_ENABLE_MODULES = YES;
				CLANG_ENABLE_OBJC_ARC = YES;
				CLANG_WARN_BOOL_CONVERSION = YES;
				CLANG_WARN_CONSTANT_CONVERSION = YES;
				CLANG_WARN_DIRECT_OBJC_ISA_USAGE = YES_ERROR;
				CLANG_WARN_EMPTY_BODY = YES;
				CLANG_WARN_ENUM_CONVERSION = YES;
				CLANG_WARN_INT_CONVERSION = YES;
				CLANG_WARN_OBJC_ROOT_CLASS = YES_ERROR;
				CLANG_WARN_UNREACHABLE_CODE = YES;
				CLANG_WARN__DUPLICATE_METHOD_MATCH = YES;
				CODE_SIGN_IDENTITY = "-";
				COPY_PHASE_STRIP = NO;
				DEBUG_INFORMATION_FORMAT = "dwarf-with-dsym";
				ENABLE_NS_ASSERTIONS = NO;
				ENABLE_STRICT_OBJC_MSGSEND = YES;
				GCC_C_LANGUAGE_STANDARD = gnu99;
				GCC_NO_COMMON_BLOCKS = YES;
				GCC_WARN_64_TO_32_BIT_CONVERSION = YES;
				GCC_WARN_ABOUT_RETURN_TYPE = YES_ERROR;
				GCC_WARN_UNDECLARED_SELECTOR = YES;
				GCC_WARN_UNINITIALIZED_AUTOS = YES_AGGRESSIVE;
				GCC_WARN_UNUSED_FUNCTION = YES;
				GCC_WARN_UNUSED_VARIABLE = YES;
				MACOSX_DEPLOYMENT_TARGET = 10.11;
				MTL_ENABLE_DEBUG_INFO = NO;
				SDKROOT = macosx;
			};
			name = Release;
		};
		EDAE2F0C1E1A64C900117ED9 /* Debug */ = {
			isa = XCBuildConfiguration;
			buildSettings = {
				PRODUCT_NAME = "$(TARGET_NAME)";
			};
			name = Debug;
		};
		EDAE2F0D1E1A64C900117ED9 /* Release */ = {
			isa = XCBuildConfiguration;
			buildSettings = {
				PRODUCT_NAME = "$(TARGET_NAME)";
			};
			name = Release;
		};
/* End XCBuildConfiguration section */

/* Begin XCConfigurationList section */
		EDAE2EFF1E1A64C900117ED9 /* Build configuration list for PBXProject "curl" */ = {
			isa = XCConfigurationList;
			buildConfigurations = (
				EDAE2F091E1A64C900117ED9 /* Debug */,
				EDAE2F0A1E1A64C900117ED9 /* Release */,
			);
			defaultConfigurationIsVisible = 0;
			defaultConfigurationName = Release;
		};
		EDAE2F0B1E1A64C900117ED9 /* Build configuration list for PBXNativeTarget "curl" */ = {
			isa = XCConfigurationList;
			buildConfigurations = (
				EDAE2F0C1E1A64C900117ED9 /* Debug */,
				EDAE2F0D1E1A64C900117ED9 /* Release */,
			);
			defaultConfigurationIsVisible = 0;
		};
/* End XCConfigurationList section */
	};
	rootObject = EDAE2EFC1E1A64C900117ED9 /* Project object */;
}
